<?xml version="1.0" encoding="utf-8"?>
<Project ToolsVersion="4.0" xmlns="http://schemas.microsoft.com/developer/msbuild/2003">
  <ItemGroup>
    <Filter Include="Source Files">
      <UniqueIdentifier>{130996e0-48b1-4b4c-a339-9b18260c4367}</UniqueIdentifier>
      <Extensions>cpp;c;cxx;def;asm;mc</Extensions>
    </Filter>
    <Filter Include="Header Files">
      <UniqueIdentifier>{60e65b62-a035-415c-a7b5-d087f7c58a6f}</UniqueIdentifier>
      <Extensions>h;hpp;hxx</Extensions>
    </Filter>
    <Filter Include="Resource Files">
      <UniqueIdentifier>{16aedc19-4b77-4d1d-b9d6-58af3ac3713b}</UniqueIdentifier>
      <Extensions>rc;mc;ico;cur;bmp;dlg;rc2</Extensions>
    </Filter>
    <Filter Include="Special Files">
      <UniqueIdentifier>{2d4cdb88-b3eb-4e48-bf00-d88554366d30}</UniqueIdentifier>
      <Extensions>*</Extensions>
    </Filter>
  </ItemGroup>
  <ItemGroup>
    <ClCompile Include="DataDef.cpp">
      <Filter>Source Files</Filter>
    </ClCompile>
    <ClCompile Include="DriverModule.cpp">
      <Filter>Source Files</Filter>
    </ClCompile>
    <ClCompile Include="File.cpp">
      <Filter>Source Files</Filter>
    </ClCompile>
    <ClCompile Include="Process.cpp">
      <Filter>Source Files</Filter>
    </ClCompile>
    <ClCompile Include="ProcessModule.cpp">
      <Filter>Source Files</Filter>
    </ClCompile>
    <ClCompile Include="ProcessThread.cpp">
      <Filter>Source Files</Filter>
    </ClCompile>
    <ClCompile Include="Protection.cpp">
      <Filter>Source Files</Filter>
    </ClCompile>
    <ClCompile Include="Services.cpp">
      <Filter>Source Files</Filter>
    </ClCompile>
    <ClCompile Include="ShadowSSDT.cpp">
      <Filter>Source Files</Filter>
    </ClCompile>
    <ClCompile Include="SSDT.cpp">
      <Filter>Source Files</Filter>
    </ClCompile>
    <ClCompile Include="Startup.cpp">
      <Filter>Source Files</Filter>
    </ClCompile>
    <ClCompile Include="Sysark.cpp">
      <Filter>Source Files</Filter>
    </ClCompile>
  </ItemGroup>
  <ItemGroup>
    <ClInclude Include="DataDef.h">
      <Filter>Header Files</Filter>
    </ClInclude>
    <ClInclude Include="DriverModule.h">
      <Filter>Header Files</Filter>
    </ClInclude>
    <ClInclude Include="File.h">
      <Filter>Header Files</Filter>
    </ClInclude>
    <ClInclude Include="Ioctrls.h">
      <Filter>Header Files</Filter>
    </ClInclude>
    <ClInclude Include="Process.h">
      <Filter>Header Files</Filter>
    </ClInclude>
    <ClInclude Include="ProcessModule.h">
      <Filter>Header Files</Filter>
    </ClInclude>
    <ClInclude Include="ProcessThread.h">
      <Filter>Header Files</Filter>
    </ClInclude>
    <ClInclude Include="Protection.h">
      <Filter>Header Files</Filter>
    </ClInclude>
    <ClInclude Include="Services.h">
      <Filter>Header Files</Filter>
    </ClInclude>
    <ClInclude Include="ShadowSSDT.h">
      <Filter>Header Files</Filter>
    </ClInclude>
    <ClInclude Include="SSDT.h">
      <Filter>Header Files</Filter>
    </ClInclude>
    <ClInclude Include="Startup.h">
      <Filter>Header Files</Filter>
    </ClInclude>
    <ClInclude Include="Sysark.h">
      <Filter>Header Files</Filter>
    </ClInclude>
  </ItemGroup>
  <ItemGroup>
    <None Include="ddkbldenv.cmd">
      <Filter>Special Files</Filter>
    </None>
    <None Include="ddkpostbld.cmd">
      <Filter>Special Files</Filter>
    </None>
    <None Include="ddkprebld.cmd">
      <Filter>Special Files</Filter>
    </None>
    <None Include="makefile">
      <Filter>Special Files</Filter>
    </None>
    <None Include="sources">
      <Filter>Special Files</Filter>
    </None>
    <None Include="Sysark.vsprops">
      <Filter>Special Files</Filter>
    </None>
  </ItemGroup>
</Project>